
Microsoft Visual Studio Solution File, Format Version 12.00
# Visual Studio Version 17
VisualStudioVersion = 17.5.33502.453
MinimumVisualStudioVersion = 10.0.40219.1
Project("{FAE04EC0-301F-11D3-BF4B-00C04F79EFBC}") = "DubaiSession2.API", "DubaiSession2.API\DubaiSession2.API.csproj", "{48EB11FA-D4FA-420F-BEFA-71AB6250C791}"
EndProject
Global
	GlobalSection(SolutionConfigurationPlatforms) = preSolution
		Debug|Any CPU = Debug|Any CPU
		Release|Any CPU = Release|Any CPU
	EndGlobalSection
	GlobalSection(ProjectConfigurationPlatforms) = postSolution
		{48EB11FA-D4FA-420F-BEFA-71AB6250C791}.Debug|Any CPU.ActiveCfg = Debug|Any CPU
		{48EB11FA-D4FA-420F-BEFA-71AB6250C791}.Debug|Any CPU.Build.0 = Debug|Any CPU
		{48EB11FA-D4FA-420F-BEFA-71AB6250C791}.Release|Any CPU.ActiveCfg = Release|Any CPU
		{48EB11FA-D4FA-420F-BEFA-71AB6250C791}.Release|Any CPU.Build.0 = Release|Any CPU
	EndGlobalSection
	GlobalSection(SolutionProperties) = preSolution
		HideSolutionNode = FALSE
	EndGlobalSection
	GlobalSection(ExtensibilityGlobals) = postSolution
		SolutionGuid = {ED773502-446E-4AB0-8B9F-F71877DCD212}
	EndGlobalSection
EndGlobal
